
Microsoft Visual Studio Solution File, Format Version 12.00
# Visual Studio 15
VisualStudioVersion = 15.0.26124.0
MinimumVisualStudioVersion = 15.0.26124.0
Project("{FAE04EC0-301F-11D3-BF4B-00C04F79EFBC}") = "Web", "Web\Web.csproj", "{B06C7FBA-672F-4A03-9028-ADF7A59C4D1A}"
EndProject
Project("{FAE04EC0-301F-11D3-BF4B-00C04F79EFBC}") = "Core", "Core\Core.csproj", "{4AAC2462-A5D4-49F7-BCC4-16017195FE82}"
EndProject
Project("{FAE04EC0-301F-11D3-BF4B-00C04F79EFBC}") = "Data", "Data\Data.csproj", "{5B79A07F-B1F4-410B-BB3D-E8A2BCDAAEB1}"
EndProject
Project("{FAE04EC0-301F-11D3-BF4B-00C04F79EFBC}") = "Core.Test", "Core.Test\Core.Test.csproj", "{27130A1D-C62C-4964-ACC9-FE161C1A8D7D}"
EndProject
Project("{FAE04EC0-301F-11D3-BF4B-00C04F79EFBC}") = "Web.Test", "Web.Test\Web.Test.csproj", "{505CE764-4BFE-404A-9019-1DDAC66102EC}"
EndProject
Global
	GlobalSection(SolutionConfigurationPlatforms) = preSolution
		Debug|Any CPU = Debug|Any CPU
		Debug|x64 = Debug|x64
		Debug|x86 = Debug|x86
		Release|Any CPU = Release|Any CPU
		Release|x64 = Release|x64
		Release|x86 = Release|x86
	EndGlobalSection
	GlobalSection(SolutionProperties) = preSolution
		HideSolutionNode = FALSE
	EndGlobalSection
	GlobalSection(ProjectConfigurationPlatforms) = postSolution
		{B06C7FBA-672F-4A03-9028-ADF7A59C4D1A}.Debug|Any CPU.ActiveCfg = Debug|Any CPU
		{B06C7FBA-672F-4A03-9028-ADF7A59C4D1A}.Debug|Any CPU.Build.0 = Debug|Any CPU
		{B06C7FBA-672F-4A03-9028-ADF7A59C4D1A}.Debug|x64.ActiveCfg = Debug|Any CPU
		{B06C7FBA-672F-4A03-9028-ADF7A59C4D1A}.Debug|x64.Build.0 = Debug|Any CPU
		{B06C7FBA-672F-4A03-9028-ADF7A59C4D1A}.Debug|x86.ActiveCfg = Debug|Any CPU
		{B06C7FBA-672F-4A03-9028-ADF7A59C4D1A}.Debug|x86.Build.0 = Debug|Any CPU
		{B06C7FBA-672F-4A03-9028-ADF7A59C4D1A}.Release|Any CPU.ActiveCfg = Release|Any CPU
		{B06C7FBA-672F-4A03-9028-ADF7A59C4D1A}.Release|Any CPU.Build.0 = Release|Any CPU
		{B06C7FBA-672F-4A03-9028-ADF7A59C4D1A}.Release|x64.ActiveCfg = Release|Any CPU
		{B06C7FBA-672F-4A03-9028-ADF7A59C4D1A}.Release|x64.Build.0 = Release|Any CPU
		{B06C7FBA-672F-4A03-9028-ADF7A59C4D1A}.Release|x86.ActiveCfg = Release|Any CPU
		{B06C7FBA-672F-4A03-9028-ADF7A59C4D1A}.Release|x86.Build.0 = Release|Any CPU
		{4AAC2462-A5D4-49F7-BCC4-16017195FE82}.Debug|Any CPU.ActiveCfg = Debug|Any CPU
		{4AAC2462-A5D4-49F7-BCC4-16017195FE82}.Debug|Any CPU.Build.0 = Debug|Any CPU
		{4AAC2462-A5D4-49F7-BCC4-16017195FE82}.Debug|x64.ActiveCfg = Debug|Any CPU
		{4AAC2462-A5D4-49F7-BCC4-16017195FE82}.Debug|x64.Build.0 = Debug|Any CPU
		{4AAC2462-A5D4-49F7-BCC4-16017195FE82}.Debug|x86.ActiveCfg = Debug|Any CPU
		{4AAC2462-A5D4-49F7-BCC4-16017195FE82}.Debug|x86.Build.0 = Debug|Any CPU
		{4AAC2462-A5D4-49F7-BCC4-16017195FE82}.Release|Any CPU.ActiveCfg = Release|Any CPU
		{4AAC2462-A5D4-49F7-BCC4-16017195FE82}.Release|Any CPU.Build.0 = Release|Any CPU
		{4AAC2462-A5D4-49F7-BCC4-16017195FE82}.Release|x64.ActiveCfg = Release|Any CPU
		{4AAC2462-A5D4-49F7-BCC4-16017195FE82}.Release|x64.Build.0 = Release|Any CPU
		{4AAC2462-A5D4-49F7-BCC4-16017195FE82}.Release|x86.ActiveCfg = Release|Any CPU
		{4AAC2462-A5D4-49F7-BCC4-16017195FE82}.Release|x86.Build.0 = Release|Any CPU
		{5B79A07F-B1F4-410B-BB3D-E8A2BCDAAEB1}.Debug|Any CPU.ActiveCfg = Debug|Any CPU
		{5B79A07F-B1F4-410B-BB3D-E8A2BCDAAEB1}.Debug|Any CPU.Build.0 = Debug|Any CPU
		{5B79A07F-B1F4-410B-BB3D-E8A2BCDAAEB1}.Debug|x64.ActiveCfg = Debug|Any CPU
		{5B79A07F-B1F4-410B-BB3D-E8A2BCDAAEB1}.Debug|x64.Build.0 = Debug|Any CPU
		{5B79A07F-B1F4-410B-BB3D-E8A2BCDAAEB1}.Debug|x86.ActiveCfg = Debug|Any CPU
		{5B79A07F-B1F4-410B-BB3D-E8A2BCDAAEB1}.Debug|x86.Build.0 = Debug|Any CPU
		{5B79A07F-B1F4-410B-BB3D-E8A2BCDAAEB1}.Release|Any CPU.ActiveCfg = Release|Any CPU
		{5B79A07F-B1F4-410B-BB3D-E8A2BCDAAEB1}.Release|Any CPU.Build.0 = Release|Any CPU
		{5B79A07F-B1F4-410B-BB3D-E8A2BCDAAEB1}.Release|x64.ActiveCfg = Release|Any CPU
		{5B79A07F-B1F4-410B-BB3D-E8A2BCDAAEB1}.Release|x64.Build.0 = Release|Any CPU
		{5B79A07F-B1F4-410B-BB3D-E8A2BCDAAEB1}.Release|x86.ActiveCfg = Release|Any CPU
		{5B79A07F-B1F4-410B-BB3D-E8A2BCDAAEB1}.Release|x86.Build.0 = Release|Any CPU
		{27130A1D-C62C-4964-ACC9-FE161C1A8D7D}.Debug|Any CPU.ActiveCfg = Debug|Any CPU
		{27130A1D-C62C-4964-ACC9-FE161C1A8D7D}.Debug|Any CPU.Build.0 = Debug|Any CPU
		{27130A1D-C62C-4964-ACC9-FE161C1A8D7D}.Debug|x64.ActiveCfg = Debug|Any CPU
		{27130A1D-C62C-4964-ACC9-FE161C1A8D7D}.Debug|x64.Build.0 = Debug|Any CPU
		{27130A1D-C62C-4964-ACC9-FE161C1A8D7D}.Debug|x86.ActiveCfg = Debug|Any CPU
		{27130A1D-C62C-4964-ACC9-FE161C1A8D7D}.Debug|x86.Build.0 = Debug|Any CPU
		{27130A1D-C62C-4964-ACC9-FE161C1A8D7D}.Release|Any CPU.ActiveCfg = Release|Any CPU
		{27130A1D-C62C-4964-ACC9-FE161C1A8D7D}.Release|Any CPU.Build.0 = Release|Any CPU
		{27130A1D-C62C-4964-ACC9-FE161C1A8D7D}.Release|x64.ActiveCfg = Release|Any CPU
		{27130A1D-C62C-4964-ACC9-FE161C1A8D7D}.Release|x64.Build.0 = Release|Any CPU
		{27130A1D-C62C-4964-ACC9-FE161C1A8D7D}.Release|x86.ActiveCfg = Release|Any CPU
		{27130A1D-C62C-4964-ACC9-FE161C1A8D7D}.Release|x86.Build.0 = Release|Any CPU
		{505CE764-4BFE-404A-9019-1DDAC66102EC}.Debug|Any CPU.ActiveCfg = Debug|Any CPU
		{505CE764-4BFE-404A-9019-1DDAC66102EC}.Debug|Any CPU.Build.0 = Debug|Any CPU
		{505CE764-4BFE-404A-9019-1DDAC66102EC}.Debug|x64.ActiveCfg = Debug|Any CPU
		{505CE764-4BFE-404A-9019-1DDAC66102EC}.Debug|x64.Build.0 = Debug|Any CPU
		{505CE764-4BFE-404A-9019-1DDAC66102EC}.Debug|x86.ActiveCfg = Debug|Any CPU
		{505CE764-4BFE-404A-9019-1DDAC66102EC}.Debug|x86.Build.0 = Debug|Any CPU
		{505CE764-4BFE-404A-9019-1DDAC66102EC}.Release|Any CPU.ActiveCfg = Release|Any CPU
		{505CE764-4BFE-404A-9019-1DDAC66102EC}.Release|Any CPU.Build.0 = Release|Any CPU
		{505CE764-4BFE-404A-9019-1DDAC66102EC}.Release|x64.ActiveCfg = Release|Any CPU
		{505CE764-4BFE-404A-9019-1DDAC66102EC}.Release|x64.Build.0 = Release|Any CPU
		{505CE764-4BFE-404A-9019-1DDAC66102EC}.Release|x86.ActiveCfg = Release|Any CPU
		{505CE764-4BFE-404A-9019-1DDAC66102EC}.Release|x86.Build.0 = Release|Any CPU
	EndGlobalSection
EndGlobal
